PODS:
  - Alamofire (5.2.2)
  - Flutter (1.0.0)
  - Monri (2.1.0):
    - Alamofire (~> 5.2.1)
  - MonriPayments (1.0.0):
    - Flutter
    - Monri (= 2.1.0)

DEPENDENCIES:
  - Alamofire (~> 5.2.1)
  - Flutter (from `Flutter`)
  - Monri (= 2.1.0)
  - MonriPayments (from `.symlinks/plugins/MonriPayments/ios`)

SPEC REPOS:
  trunk:
    - Alamofire
    - Monri

EXTERNAL SOURCES:
  Flutter:
    :path: Flutter
  MonriPayments:
    :path: ".symlinks/plugins/MonriPayments/ios"

SPEC CHECKSUMS:
  Alamofire: 814429acc853c6c54ff123fc3d2ef66803823ce0
  Flutter: e0871f40cf51350855a761d2e70bf5af5b9b5de7
  Monri: ac895df5f6efd5ca1b01f2cbe7666a607be995d7
  MonriPayments: 9ae74212e3654719ce4257e34bd64e6b00262e68

PODFILE CHECKSUM: dee45e07778354cbe7da784d9c5d5dee0467c745

COCOAPODS: 1.16.2
