PODS:
  - Alamofire (5.12.0)
  - camera_avfoundation (0.0.1):
    - Flutter
  - Flutter (1.0.0)
  - Monri (2.3.5):
    - Alamofire (< 6.0, >= 5.9)
  - MonriPayments (1.3.3):
    - Flutter
    - Monri (~> 2.3.5)
  - permission_handler_apple (9.3.0):
    - Flutter

DEPENDENCIES:
  - Alamofire (< 6.0, >= 5.9)
  - camera_avfoundation (from `.symlinks/plugins/camera_avfoundation/ios`)
  - Flutter (from `Flutter`)
  - Monri (~> 2.3.5)
  - MonriPayments (from `.symlinks/plugins/MonriPayments/ios`)
  - permission_handler_apple (from `.symlinks/plugins/permission_handler_apple/ios`)

SPEC REPOS:
  trunk:
    - Alamofire
    - Monri

EXTERNAL SOURCES:
  camera_avfoundation:
    :path: ".symlinks/plugins/camera_avfoundation/ios"
  Flutter:
    :path: Flutter
  MonriPayments:
    :path: ".symlinks/plugins/MonriPayments/ios"
  permission_handler_apple:
    :path: ".symlinks/plugins/permission_handler_apple/ios"

SPEC CHECKSUMS:
  Alamofire: ddb8d5201667b256dbc225f3fc6e835a0753186f
  camera_avfoundation: 5675ca25298b6f81fa0a325188e7df62cc217741
  Flutter: cabc95a1d2626b1b06e7179b784ebcf0c0cde467
  Monri: a8d6b024f7a3d7298bf074f9f75823fc10e4cabc
  MonriPayments: c3741b8693dede88706fa3691b6f6408495b6bc9
  permission_handler_apple: 4ed2196e43d0651e8ff7ca3483a069d469701f2d

PODFILE CHECKSUM: be3dc155c0a057c0e975256928aaf910087104ad

COCOAPODS: 1.16.2
